
Microsoft Visual Studio Solution File, Format Version 12.00
Project("{2150E333-8FDC-42A3-9474-1A3956D46DE8}") = "Domain", "Domain", "{2B97BFCD-24C5-4874-B1B9-F2ED9E143357}"
EndProject
Project("{2150E333-8FDC-42A3-9474-1A3956D46DE8}") = "Infra.Bus", "Infra.Bus", "{38BFCEB9-65D8-4B95-A3A2-5B6D6CB532C8}"
EndProject
Project("{2150E333-8FDC-42A3-9474-1A3956D46DE8}") = "Infra.IOC", "Infra.IOC", "{356E5962-6B62-4833-A283-860F9DE44898}"
EndProject
Project("{2150E333-8FDC-42A3-9474-1A3956D46DE8}") = "Presentation", "Presentation", "{BA896FAE-EDB3-4839-92C7-0695731057A9}"
EndProject
Project("{2150E333-8FDC-42A3-9474-1A3956D46DE8}") = "Microservices", "Microservices", "{E4B9C485-0911-4EDD-A606-78E1F630E31F}"
EndProject
Project("{FAE04EC0-301F-11D3-BF4B-00C04F79EFBC}") = "MicroRabbit.Domain.Core", "MicroRabbit.Domain.Core\MicroRabbit.Domain.Core.csproj", "{190AE092-FB40-4F4B-8BBF-48443525D429}"
EndProject
Project("{FAE04EC0-301F-11D3-BF4B-00C04F79EFBC}") = "MicroRabbit.Infra.Bus", "MicroRabbit.Infra.Bus\MicroRabbit.Infra.Bus.csproj", "{483C8C75-43F4-402F-8029-0181CCBC48F7}"
EndProject
Project("{FAE04EC0-301F-11D3-BF4B-00C04F79EFBC}") = "MicroRabbit.Infra.IoC", "MicroRabbit.Infra.IoC\MicroRabbit.Infra.IoC.csproj", "{55D76707-46C9-4AD5-9C08-9B6033309B7B}"
EndProject
Project("{2150E333-8FDC-42A3-9474-1A3956D46DE8}") = "Banking", "Banking", "{5AE076E0-26B5-485A-81F8-2689F5B16F23}"
EndProject
Project("{2150E333-8FDC-42A3-9474-1A3956D46DE8}") = "API", "API", "{CFF6895D-C0F9-40BC-8DAB-FBFF7C1F1243}"
EndProject
Project("{2150E333-8FDC-42A3-9474-1A3956D46DE8}") = "Application", "Application", "{12D27FE3-F112-4BE1-B4CD-73A07A7E45DD}"
EndProject
Project("{2150E333-8FDC-42A3-9474-1A3956D46DE8}") = "Domain", "Domain", "{12F2FA37-A30A-4F57-8ABA-8457AE3EC941}"
EndProject
Project("{2150E333-8FDC-42A3-9474-1A3956D46DE8}") = "Data", "Data", "{B3C496EE-4BEE-4F57-94D2-F8DD1382693D}"
EndProject
Project("{FAE04EC0-301F-11D3-BF4B-00C04F79EFBC}") = "MicroRabbit.Banking.API", "MicroRabbit.Banking.API\MicroRabbit.Banking.API.csproj", "{4B3721B2-4ADA-4900-ACF1-18660B2AB879}"
EndProject
Project("{FAE04EC0-301F-11D3-BF4B-00C04F79EFBC}") = "MicroRabbit.Banking.Application", "MicroRabbit.Banking.Application\MicroRabbit.Banking.Application.csproj", "{F21DE7FD-CFE0-48D0-AFD3-F41F66E51DDF}"
EndProject
Project("{FAE04EC0-301F-11D3-BF4B-00C04F79EFBC}") = "MicroRabbit.Banking.Data", "MicroRabbit.Banking.Data\MicroRabbit.Banking.Data.csproj", "{96625E82-B509-43D9-B703-227C31A1D8A1}"
EndProject
Project("{FAE04EC0-301F-11D3-BF4B-00C04F79EFBC}") = "MicroRabbit.Banking.Domain", "MicroRabbit.Banking.Domain\MicroRabbit.Banking.Domain.csproj", "{45D936DE-2F36-4550-9F24-40D41463DC4A}"
EndProject
Project("{2150E333-8FDC-42A3-9474-1A3956D46DE8}") = "Transfer", "Transfer", "{9C842100-4D25-47B1-B896-7370D0E8EFB4}"
EndProject
Project("{2150E333-8FDC-42A3-9474-1A3956D46DE8}") = "API", "API", "{64D602FD-49C8-454A-8EB0-D47B297BC3E4}"
EndProject
Project("{2150E333-8FDC-42A3-9474-1A3956D46DE8}") = "Apllication", "Apllication", "{8CC55710-4A1F-4374-A073-6D1D529AA461}"
EndProject
Project("{2150E333-8FDC-42A3-9474-1A3956D46DE8}") = "Domain", "Domain", "{492D0B8F-1E6F-4FE0-990A-BBB5CBB33246}"
EndProject
Project("{2150E333-8FDC-42A3-9474-1A3956D46DE8}") = "Data", "Data", "{2EF7256A-8178-47BB-A613-0F01AB2CC8DF}"
EndProject
Project("{FAE04EC0-301F-11D3-BF4B-00C04F79EFBC}") = "MiroRabbit.Transfer.API", "MiroRabbit.Transfer.API\MiroRabbit.Transfer.API.csproj", "{A1A6A452-A38F-40E0-AA94-28522C078FAC}"
EndProject
Project("{FAE04EC0-301F-11D3-BF4B-00C04F79EFBC}") = "MiroRabbit.Transfer.Application", "MiroRabbit.Transfer.Application\MiroRabbit.Transfer.Application.csproj", "{8371F7AD-BC14-4FAF-A551-49520D864364}"
EndProject
Project("{FAE04EC0-301F-11D3-BF4B-00C04F79EFBC}") = "MiroRabbit.Transfer.Domain", "MiroRabbit.Transfer.Domain\MiroRabbit.Transfer.Domain.csproj", "{B7D4BDDD-24E0-4672-9A02-D655A8DAC947}"
EndProject
Project("{FAE04EC0-301F-11D3-BF4B-00C04F79EFBC}") = "MiroRabbit.Transfer.Data", "MiroRabbit.Transfer.Data\MiroRabbit.Transfer.Data.csproj", "{5592DE58-37EE-473D-9074-BD880CEEDA8F}"
EndProject
Global
	GlobalSection(SolutionConfigurationPlatforms) = preSolution
		Debug|Any CPU = Debug|Any CPU
		Release|Any CPU = Release|Any CPU
	EndGlobalSection
	GlobalSection(NestedProjects) = preSolution
		{190AE092-FB40-4F4B-8BBF-48443525D429} = {2B97BFCD-24C5-4874-B1B9-F2ED9E143357}
		{483C8C75-43F4-402F-8029-0181CCBC48F7} = {38BFCEB9-65D8-4B95-A3A2-5B6D6CB532C8}
		{55D76707-46C9-4AD5-9C08-9B6033309B7B} = {356E5962-6B62-4833-A283-860F9DE44898}
		{5AE076E0-26B5-485A-81F8-2689F5B16F23} = {E4B9C485-0911-4EDD-A606-78E1F630E31F}
		{CFF6895D-C0F9-40BC-8DAB-FBFF7C1F1243} = {5AE076E0-26B5-485A-81F8-2689F5B16F23}
		{12D27FE3-F112-4BE1-B4CD-73A07A7E45DD} = {5AE076E0-26B5-485A-81F8-2689F5B16F23}
		{12F2FA37-A30A-4F57-8ABA-8457AE3EC941} = {5AE076E0-26B5-485A-81F8-2689F5B16F23}
		{B3C496EE-4BEE-4F57-94D2-F8DD1382693D} = {5AE076E0-26B5-485A-81F8-2689F5B16F23}
		{4B3721B2-4ADA-4900-ACF1-18660B2AB879} = {CFF6895D-C0F9-40BC-8DAB-FBFF7C1F1243}
		{F21DE7FD-CFE0-48D0-AFD3-F41F66E51DDF} = {12D27FE3-F112-4BE1-B4CD-73A07A7E45DD}
		{96625E82-B509-43D9-B703-227C31A1D8A1} = {B3C496EE-4BEE-4F57-94D2-F8DD1382693D}
		{45D936DE-2F36-4550-9F24-40D41463DC4A} = {12F2FA37-A30A-4F57-8ABA-8457AE3EC941}
		{9C842100-4D25-47B1-B896-7370D0E8EFB4} = {E4B9C485-0911-4EDD-A606-78E1F630E31F}
		{64D602FD-49C8-454A-8EB0-D47B297BC3E4} = {9C842100-4D25-47B1-B896-7370D0E8EFB4}
		{8CC55710-4A1F-4374-A073-6D1D529AA461} = {9C842100-4D25-47B1-B896-7370D0E8EFB4}
		{492D0B8F-1E6F-4FE0-990A-BBB5CBB33246} = {9C842100-4D25-47B1-B896-7370D0E8EFB4}
		{2EF7256A-8178-47BB-A613-0F01AB2CC8DF} = {9C842100-4D25-47B1-B896-7370D0E8EFB4}
		{A1A6A452-A38F-40E0-AA94-28522C078FAC} = {64D602FD-49C8-454A-8EB0-D47B297BC3E4}
		{8371F7AD-BC14-4FAF-A551-49520D864364} = {8CC55710-4A1F-4374-A073-6D1D529AA461}
		{5592DE58-37EE-473D-9074-BD880CEEDA8F} = {2EF7256A-8178-47BB-A613-0F01AB2CC8DF}
		{B7D4BDDD-24E0-4672-9A02-D655A8DAC947} = {492D0B8F-1E6F-4FE0-990A-BBB5CBB33246}
	EndGlobalSection
	GlobalSection(ProjectConfigurationPlatforms) = postSolution
		{190AE092-FB40-4F4B-8BBF-48443525D429}.Debug|Any CPU.ActiveCfg = Debug|Any CPU
		{190AE092-FB40-4F4B-8BBF-48443525D429}.Debug|Any CPU.Build.0 = Debug|Any CPU
		{190AE092-FB40-4F4B-8BBF-48443525D429}.Release|Any CPU.ActiveCfg = Release|Any CPU
		{190AE092-FB40-4F4B-8BBF-48443525D429}.Release|Any CPU.Build.0 = Release|Any CPU
		{483C8C75-43F4-402F-8029-0181CCBC48F7}.Debug|Any CPU.ActiveCfg = Debug|Any CPU
		{483C8C75-43F4-402F-8029-0181CCBC48F7}.Debug|Any CPU.Build.0 = Debug|Any CPU
		{483C8C75-43F4-402F-8029-0181CCBC48F7}.Release|Any CPU.ActiveCfg = Release|Any CPU
		{483C8C75-43F4-402F-8029-0181CCBC48F7}.Release|Any CPU.Build.0 = Release|Any CPU
		{55D76707-46C9-4AD5-9C08-9B6033309B7B}.Debug|Any CPU.ActiveCfg = Debug|Any CPU
		{55D76707-46C9-4AD5-9C08-9B6033309B7B}.Debug|Any CPU.Build.0 = Debug|Any CPU
		{55D76707-46C9-4AD5-9C08-9B6033309B7B}.Release|Any CPU.ActiveCfg = Release|Any CPU
		{55D76707-46C9-4AD5-9C08-9B6033309B7B}.Release|Any CPU.Build.0 = Release|Any CPU
		{4B3721B2-4ADA-4900-ACF1-18660B2AB879}.Debug|Any CPU.ActiveCfg = Debug|Any CPU
		{4B3721B2-4ADA-4900-ACF1-18660B2AB879}.Debug|Any CPU.Build.0 = Debug|Any CPU
		{4B3721B2-4ADA-4900-ACF1-18660B2AB879}.Release|Any CPU.ActiveCfg = Release|Any CPU
		{4B3721B2-4ADA-4900-ACF1-18660B2AB879}.Release|Any CPU.Build.0 = Release|Any CPU
		{F21DE7FD-CFE0-48D0-AFD3-F41F66E51DDF}.Debug|Any CPU.ActiveCfg = Debug|Any CPU
		{F21DE7FD-CFE0-48D0-AFD3-F41F66E51DDF}.Debug|Any CPU.Build.0 = Debug|Any CPU
		{F21DE7FD-CFE0-48D0-AFD3-F41F66E51DDF}.Release|Any CPU.ActiveCfg = Release|Any CPU
		{F21DE7FD-CFE0-48D0-AFD3-F41F66E51DDF}.Release|Any CPU.Build.0 = Release|Any CPU
		{96625E82-B509-43D9-B703-227C31A1D8A1}.Debug|Any CPU.ActiveCfg = Debug|Any CPU
		{96625E82-B509-43D9-B703-227C31A1D8A1}.Debug|Any CPU.Build.0 = Debug|Any CPU
		{96625E82-B509-43D9-B703-227C31A1D8A1}.Release|Any CPU.ActiveCfg = Release|Any CPU
		{96625E82-B509-43D9-B703-227C31A1D8A1}.Release|Any CPU.Build.0 = Release|Any CPU
		{45D936DE-2F36-4550-9F24-40D41463DC4A}.Debug|Any CPU.ActiveCfg = Debug|Any CPU
		{45D936DE-2F36-4550-9F24-40D41463DC4A}.Debug|Any CPU.Build.0 = Debug|Any CPU
		{45D936DE-2F36-4550-9F24-40D41463DC4A}.Release|Any CPU.ActiveCfg = Release|Any CPU
		{45D936DE-2F36-4550-9F24-40D41463DC4A}.Release|Any CPU.Build.0 = Release|Any CPU
		{A1A6A452-A38F-40E0-AA94-28522C078FAC}.Debug|Any CPU.ActiveCfg = Debug|Any CPU
		{A1A6A452-A38F-40E0-AA94-28522C078FAC}.Debug|Any CPU.Build.0 = Debug|Any CPU
		{A1A6A452-A38F-40E0-AA94-28522C078FAC}.Release|Any CPU.ActiveCfg = Release|Any CPU
		{A1A6A452-A38F-40E0-AA94-28522C078FAC}.Release|Any CPU.Build.0 = Release|Any CPU
		{8371F7AD-BC14-4FAF-A551-49520D864364}.Debug|Any CPU.ActiveCfg = Debug|Any CPU
		{8371F7AD-BC14-4FAF-A551-49520D864364}.Debug|Any CPU.Build.0 = Debug|Any CPU
		{8371F7AD-BC14-4FAF-A551-49520D864364}.Release|Any CPU.ActiveCfg = Release|Any CPU
		{8371F7AD-BC14-4FAF-A551-49520D864364}.Release|Any CPU.Build.0 = Release|Any CPU
		{B7D4BDDD-24E0-4672-9A02-D655A8DAC947}.Debug|Any CPU.ActiveCfg = Debug|Any CPU
		{B7D4BDDD-24E0-4672-9A02-D655A8DAC947}.Debug|Any CPU.Build.0 = Debug|Any CPU
		{B7D4BDDD-24E0-4672-9A02-D655A8DAC947}.Release|Any CPU.ActiveCfg = Release|Any CPU
		{B7D4BDDD-24E0-4672-9A02-D655A8DAC947}.Release|Any CPU.Build.0 = Release|Any CPU
		{5592DE58-37EE-473D-9074-BD880CEEDA8F}.Debug|Any CPU.ActiveCfg = Debug|Any CPU
		{5592DE58-37EE-473D-9074-BD880CEEDA8F}.Debug|Any CPU.Build.0 = Debug|Any CPU
		{5592DE58-37EE-473D-9074-BD880CEEDA8F}.Release|Any CPU.ActiveCfg = Release|Any CPU
		{5592DE58-37EE-473D-9074-BD880CEEDA8F}.Release|Any CPU.Build.0 = Release|Any CPU
	EndGlobalSection
EndGlobal
