
Microsoft Visual Studio Solution File, Format Version 12.00
Project("{2150E333-8FDC-42A3-9474-1A3956D46DE8}") = "Domain", "Domain", "{2B97BFCD-24C5-4874-B1B9-F2ED9E143357}"
EndProject
Project("{2150E333-8FDC-42A3-9474-1A3956D46DE8}") = "Infra.Bus", "Infra.Bus", "{38BFCEB9-65D8-4B95-A3A2-5B6D6CB532C8}"
EndProject
Project("{2150E333-8FDC-42A3-9474-1A3956D46DE8}") = "Infra.IOC", "Infra.IOC", "{356E5962-6B62-4833-A283-860F9DE44898}"
EndProject
Project("{2150E333-8FDC-42A3-9474-1A3956D46DE8}") = "Presentation", "Presentation", "{BA896FAE-EDB3-4839-92C7-0695731057A9}"
EndProject
Project("{2150E333-8FDC-42A3-9474-1A3956D46DE8}") = "Microservices", "Microservices", "{E4B9C485-0911-4EDD-A606-78E1F630E31F}"
EndProject
Project("{FAE04EC0-301F-11D3-BF4B-00C04F79EFBC}") = "Microrabbit.Domain.Core", "Microrabbit.Domain.Core\Microrabbit.Domain.Core.csproj", "{190AE092-FB40-4F4B-8BBF-48443525D429}"
EndProject
Global
	GlobalSection(SolutionConfigurationPlatforms) = preSolution
		Debug|Any CPU = Debug|Any CPU
		Release|Any CPU = Release|Any CPU
	EndGlobalSection
	GlobalSection(NestedProjects) = preSolution
		{190AE092-FB40-4F4B-8BBF-48443525D429} = {2B97BFCD-24C5-4874-B1B9-F2ED9E143357}
	EndGlobalSection
	GlobalSection(ProjectConfigurationPlatforms) = postSolution
		{190AE092-FB40-4F4B-8BBF-48443525D429}.Debug|Any CPU.ActiveCfg = Debug|Any CPU
		{190AE092-FB40-4F4B-8BBF-48443525D429}.Debug|Any CPU.Build.0 = Debug|Any CPU
		{190AE092-FB40-4F4B-8BBF-48443525D429}.Release|Any CPU.ActiveCfg = Release|Any CPU
		{190AE092-FB40-4F4B-8BBF-48443525D429}.Release|Any CPU.Build.0 = Release|Any CPU
	EndGlobalSection
EndGlobal
